// !$*UTF8*$!
{
	archiveVersion = 1;
	classes = {
	};
	objectVersion = 56;
	objects = {

/* Begin PBXBuildFile section */
		7F1BB5EA2ADF139800A0F72C /* Crypto.swift in Sources */ = {isa = PBXBuildFile; fileRef = 7F1BB5E92ADF139800A0F72C /* Crypto.swift */; };
		7F1BB5ED2ADF192700A0F72C /* Webservice.swift in Sources */ = {isa = PBXBuildFile; fileRef = 7F1BB5EC2ADF192700A0F72C /* Webservice.swift */; };
		7F96353A2ADDC8CE00750AE3 /* AppDelegate.swift in Sources */ = {isa = PBXBuildFile; fileRef = 7F9635392ADDC8CE00750AE3 /* AppDelegate.swift */; };
		7F96353C2ADDC8CE00750AE3 /* SceneDelegate.swift in Sources */ = {isa = PBXBuildFile; fileRef = 7F96353B2ADDC8CE00750AE3 /* SceneDelegate.swift */; };
		7F96353E2ADDC8CE00750AE3 /* ViewController.swift in Sources */ = {isa = PBXBuildFile; fileRef = 7F96353D2ADDC8CE00750AE3 /* ViewController.swift */; };
		7F9635412ADDC8CE00750AE3 /* Main.storyboard in Resources */ = {isa = PBXBuildFile; fileRef = 7F96353F2ADDC8CE00750AE3 /* Main.storyboard */; };
		7F9635432ADDC8D000750AE3 /* Assets.xcassets in Resources */ = {isa = PBXBuildFile; fileRef = 7F9635422ADDC8D000750AE3 /* Assets.xcassets */; };
		7F9635462ADDC8D000750AE3 /* LaunchScreen.storyboard in Resources */ = {isa = PBXBuildFile; fileRef = 7F9635442ADDC8D000750AE3 /* LaunchScreen.storyboard */; };
/* End PBXBuildFile section */

/* Begin PBXFileReference section */
		7F1BB5E92ADF139800A0F72C /* Crypto.swift */ = {isa = PBXFileReference; lastKnownFileType = sourcecode.swift; path = Crypto.swift; sourceTree = "<group>"; };
		7F1BB5EC2ADF192700A0F72C /* Webservice.swift */ = {isa = PBXFileReference; lastKnownFileType = sourcecode.swift; path = Webservice.swift; sourceTree = "<group>"; };
		7F9635362ADDC8CE00750AE3 /* CryptoCrazyRxSwiftMVVM.app */ = {isa = PBXFileReference; explicitFileType = wrapper.application; includeInIndex = 0; path = CryptoCrazyRxSwiftMVVM.app; sourceTree = BUILT_PRODUCTS_DIR; };
		7F9635392ADDC8CE00750AE3 /* AppDelegate.swift */ = {isa = PBXFileReference; lastKnownFileType = sourcecode.swift; path = AppDelegate.swift; sourceTree = "<group>"; };
		7F96353B2ADDC8CE00750AE3 /* SceneDelegate.swift */ = {isa = PBXFileReference; lastKnownFileType = sourcecode.swift; path = SceneDelegate.swift; sourceTree = "<group>"; };
		7F96353D2ADDC8CE00750AE3 /* ViewController.swift */ = {isa = PBXFileReference; lastKnownFileType = sourcecode.swift; path = ViewController.swift; sourceTree = "<group>"; };
		7F9635402ADDC8CE00750AE3 /* Base */ = {isa = PBXFileReference; lastKnownFileType = file.storyboard; name = Base; path = Base.lproj/Main.storyboard; sourceTree = "<group>"; };
		7F9635422ADDC8D000750AE3 /* Assets.xcassets */ = {isa = PBXFileReference; lastKnownFileType = folder.assetcatalog; path = Assets.xcassets; sourceTree = "<group>"; };
		7F9635452ADDC8D000750AE3 /* Base */ = {isa = PBXFileReference; lastKnownFileType = file.storyboard; name = Base; path = Base.lproj/LaunchScreen.storyboard; sourceTree = "<group>"; };
		7F9635472ADDC8D000750AE3 /* Info.plist */ = {isa = PBXFileReference; lastKnownFileType = text.plist.xml; path = Info.plist; sourceTree = "<group>"; };
/* End PBXFileReference section */

/* Begin PBXFrameworksBuildPhase section */
		7F9635332ADDC8CE00750AE3 /* Frameworks */ = {
			isa = PBXFrameworksBuildPhase;
			buildActionMask = 2147483647;
			files = (
			);
			runOnlyForDeploymentPostprocessing = 0;
		};
/* End PBXFrameworksBuildPhase section */

/* Begin PBXGroup section */
		7F1BB5E52ADEFD2100A0F72C /* View */ = {
			isa = PBXGroup;
			children = (
				7F96353D2ADDC8CE00750AE3 /* ViewController.swift */,
			);
			path = View;
			sourceTree = "<group>";
		};
		7F1BB5E62ADEFD4800A0F72C /* ViewModel */ = {
			isa = PBXGroup;
			children = (
			);
			path = ViewModel;
			sourceTree = "<group>";
		};
		7F1BB5E72ADEFD5100A0F72C /* Model */ = {
			isa = PBXGroup;
			children = (
				7F1BB5E92ADF139800A0F72C /* Crypto.swift */,
			);
			path = Model;
			sourceTree = "<group>";
		};
		7F1BB5E82ADEFD9000A0F72C /* Delegate */ = {
			isa = PBXGroup;
			children = (
				7F9635392ADDC8CE00750AE3 /* AppDelegate.swift */,
				7F96353B2ADDC8CE00750AE3 /* SceneDelegate.swift */,
			);
			path = Delegate;
			sourceTree = "<group>";
		};
		7F1BB5EB2ADF18E400A0F72C /* Service */ = {
			isa = PBXGroup;
			children = (
				7F1BB5EC2ADF192700A0F72C /* Webservice.swift */,
			);
			path = Service;
			sourceTree = "<group>";
		};
		7F96352D2ADDC8CE00750AE3 = {
			isa = PBXGroup;
			children = (
				7F9635382ADDC8CE00750AE3 /* CryptoCrazyRxSwiftMVVM */,
				7F9635372ADDC8CE00750AE3 /* Products */,
			);
			sourceTree = "<group>";
		};
		7F9635372ADDC8CE00750AE3 /* Products */ = {
			isa = PBXGroup;
			children = (
				7F9635362ADDC8CE00750AE3 /* CryptoCrazyRxSwiftMVVM.app */,
			);
			name = Products;
			sourceTree = "<group>";
		};
		7F9635382ADDC8CE00750AE3 /* CryptoCrazyRxSwiftMVVM */ = {
			isa = PBXGroup;
			children = (
				7F1BB5EB2ADF18E400A0F72C /* Service */,
				7F1BB5E82ADEFD9000A0F72C /* Delegate */,
				7F1BB5E72ADEFD5100A0F72C /* Model */,
				7F1BB5E62ADEFD4800A0F72C /* ViewModel */,
				7F1BB5E52ADEFD2100A0F72C /* View */,
				7F96353F2ADDC8CE00750AE3 /* Main.storyboard */,
				7F9635422ADDC8D000750AE3 /* Assets.xcassets */,
				7F9635442ADDC8D000750AE3 /* LaunchScreen.storyboard */,
				7F9635472ADDC8D000750AE3 /* Info.plist */,
			);
			path = CryptoCrazyRxSwiftMVVM;
			sourceTree = "<group>";
		};
/* End PBXGroup section */

/* Begin PBXNativeTarget section */
		7F9635352ADDC8CE00750AE3 /* CryptoCrazyRxSwiftMVVM */ = {
			isa = PBXNativeTarget;
			buildConfigurationList = 7F96354A2ADDC8D000750AE3 /* Build configuration list for PBXNativeTarget "CryptoCrazyRxSwiftMVVM" */;
			buildPhases = (
				7F9635322ADDC8CE00750AE3 /* Sources */,
				7F9635332ADDC8CE00750AE3 /* Frameworks */,
				7F9635342ADDC8CE00750AE3 /* Resources */,
			);
			buildRules = (
			);
			dependencies = (
			);
			name = CryptoCrazyRxSwiftMVVM;
			productName = CryptoCrazyRxSwiftMVVM;
			productReference = 7F9635362ADDC8CE00750AE3 /* CryptoCrazyRxSwiftMVVM.app */;
			productType = "com.apple.product-type.application";
		};
/* End PBXNativeTarget section */

/* Begin PBXProject section */
		7F96352E2ADDC8CE00750AE3 /* Project object */ = {
			isa = PBXProject;
			attributes = {
				BuildIndependentTargetsInParallel = 1;
				LastSwiftUpdateCheck = 1500;
				LastUpgradeCheck = 1500;
				TargetAttributes = {
					7F9635352ADDC8CE00750AE3 = {
						CreatedOnToolsVersion = 15.0;
					};
				};
			};
			buildConfigurationList = 7F9635312ADDC8CE00750AE3 /* Build configuration list for PBXProject "CryptoCrazyRxSwiftMVVM" */;
			compatibilityVersion = "Xcode 14.0";
			developmentRegion = en;
			hasScannedForEncodings = 0;
			knownRegions = (
				en,
				Base,
			);
			mainGroup = 7F96352D2ADDC8CE00750AE3;
			productRefGroup = 7F9635372ADDC8CE00750AE3 /* Products */;
			projectDirPath = "";
			projectRoot = "";
			targets = (
				7F9635352ADDC8CE00750AE3 /* CryptoCrazyRxSwiftMVVM */,
			);
		};
/* End PBXProject section */

/* Begin PBXResourcesBuildPhase section */
		7F9635342ADDC8CE00750AE3 /* Resources */ = {
			isa = PBXResourcesBuildPhase;
			buildActionMask = 2147483647;
			files = (
				7F9635462ADDC8D000750AE3 /* LaunchScreen.storyboard in Resources */,
				7F9635432ADDC8D000750AE3 /* Assets.xcassets in Resources */,
				7F9635412ADDC8CE00750AE3 /* Main.storyboard in Resources */,
			);
			runOnlyForDeploymentPostprocessing = 0;
		};
/* End PBXResourcesBuildPhase section */

/* Begin PBXSourcesBuildPhase section */
		7F9635322ADDC8CE00750AE3 /* Sources */ = {
			isa = PBXSourcesBuildPhase;
			buildActionMask = 2147483647;
			files = (
				7F1BB5EA2ADF139800A0F72C /* Crypto.swift in Sources */,
				7F96353E2ADDC8CE00750AE3 /* ViewController.swift in Sources */,
				7F96353A2ADDC8CE00750AE3 /* AppDelegate.swift in Sources */,
				7F1BB5ED2ADF192700A0F72C /* Webservice.swift in Sources */,
				7F96353C2ADDC8CE00750AE3 /* SceneDelegate.swift in Sources */,
			);
			runOnlyForDeploymentPostprocessing = 0;
		};
/* End PBXSourcesBuildPhase section */

/* Begin PBXVariantGroup section */
		7F96353F2ADDC8CE00750AE3 /* Main.storyboard */ = {
			isa = PBXVariantGroup;
			children = (
				7F9635402ADDC8CE00750AE3 /* Base */,
			);
			name = Main.storyboard;
			sourceTree = "<group>";
		};
		7F9635442ADDC8D000750AE3 /* LaunchScreen.storyboard */ = {
			isa = PBXVariantGroup;
			children = (
				7F9635452ADDC8D000750AE3 /* Base */,
			);
			name = LaunchScreen.storyboard;
			sourceTree = "<group>";
		};
/* End PBXVariantGroup section */

/* Begin XCBuildConfiguration section */
		7F9635482ADDC8D000750AE3 /* Debug */ = {
			isa = XCBuildConfiguration;
			buildSettings = {
				ALWAYS_SEARCH_USER_PATHS = NO;
				ASSETCATALOG_COMPILER_GENERATE_SWIFT_ASSET_SYMBOL_EXTENSIONS = YES;
				CLANG_ANALYZER_NONNULL = YES;
				CLANG_ANALYZER_NUMBER_OBJECT_CONVERSION = YES_AGGRESSIVE;
				CLANG_CXX_LANGUAGE_STANDARD = "gnu++20";
				CLANG_ENABLE_MODULES = YES;
				CLANG_ENABLE_OBJC_ARC = YES;
				CLANG_ENABLE_OBJC_WEAK = YES;
				CLANG_WARN_BLOCK_CAPTURE_AUTORELEASING = YES;
				CLANG_WARN_BOOL_CONVERSION = YES;
				CLANG_WARN_COMMA = YES;
				CLANG_WARN_CONSTANT_CONVERSION = YES;
				CLANG_WARN_DEPRECATED_OBJC_IMPLEMENTATIONS = YES;
				CLANG_WARN_DIRECT_OBJC_ISA_USAGE = YES_ERROR;
				CLANG_WARN_DOCUMENTATION_COMMENTS = YES;
				CLANG_WARN_EMPTY_BODY = YES;
				CLANG_WARN_ENUM_CONVERSION = YES;
				CLANG_WARN_INFINITE_RECURSION = YES;
				CLANG_WARN_INT_CONVERSION = YES;
				CLANG_WARN_NON_LITERAL_NULL_CONVERSION = YES;
				CLANG_WARN_OBJC_IMPLICIT_RETAIN_SELF = YES;
				CLANG_WARN_OBJC_LITERAL_CONVERSION = YES;
				CLANG_WARN_OBJC_ROOT_CLASS = YES_ERROR;
				CLANG_WARN_QUOTED_INCLUDE_IN_FRAMEWORK_HEADER = YES;
				CLANG_WARN_RANGE_LOOP_ANALYSIS = YES;
				CLANG_WARN_STRICT_PROTOTYPES = YES;
				CLANG_WARN_SUSPICIOUS_MOVE = YES;
				CLANG_WARN_UNGUARDED_AVAILABILITY = YES_AGGRESSIVE;
				CLANG_WARN_UNREACHABLE_CODE = YES;
				CLANG_WARN__DUPLICATE_METHOD_MATCH = YES;
				COPY_PHASE_STRIP = NO;
				DEBUG_INFORMATION_FORMAT = dwarf;
				ENABLE_STRICT_OBJC_MSGSEND = YES;
				ENABLE_TESTABILITY = YES;
				ENABLE_USER_SCRIPT_SANDBOXING = YES;
				GCC_C_LANGUAGE_STANDARD = gnu17;
				GCC_DYNAMIC_NO_PIC = NO;
				GCC_NO_COMMON_BLOCKS = YES;
				GCC_OPTIMIZATION_LEVEL = 0;
				GCC_PREPROCESSOR_DEFINITIONS = (
					"DEBUG=1",
					"$(inherited)",
				);
				GCC_WARN_64_TO_32_BIT_CONVERSION = YES;
				GCC_WARN_ABOUT_RETURN_TYPE = YES_ERROR;
				GCC_WARN_UNDECLARED_SELECTOR = YES;
				GCC_WARN_UNINITIALIZED_AUTOS = YES_AGGRESSIVE;
				GCC_WARN_UNUSED_FUNCTION = YES;
				GCC_WARN_UNUSED_VARIABLE = YES;
				IPHONEOS_DEPLOYMENT_TARGET = 17.0;
				LOCALIZATION_PREFERS_STRING_CATALOGS = YES;
				MTL_ENABLE_DEBUG_INFO = INCLUDE_SOURCE;
				MTL_FAST_MATH = YES;
				ONLY_ACTIVE_ARCH = YES;
				SDKROOT = iphoneos;
				SWIFT_ACTIVE_COMPILATION_CONDITIONS = "DEBUG $(inherited)";
				SWIFT_OPTIMIZATION_LEVEL = "-Onone";
			};
			name = Debug;
		};
		7F9635492ADDC8D000750AE3 /* Release */ = {
			isa = XCBuildConfiguration;
			buildSettings = {
				ALWAYS_SEARCH_USER_PATHS = NO;
				ASSETCATALOG_COMPILER_GENERATE_SWIFT_ASSET_SYMBOL_EXTENSIONS = YES;
				CLANG_ANALYZER_NONNULL = YES;
				CLANG_ANALYZER_NUMBER_OBJECT_CONVERSION = YES_AGGRESSIVE;
				CLANG_CXX_LANGUAGE_STANDARD = "gnu++20";
				CLANG_ENABLE_MODULES = YES;
				CLANG_ENABLE_OBJC_ARC = YES;
				CLANG_ENABLE_OBJC_WEAK = YES;
				CLANG_WARN_BLOCK_CAPTURE_AUTORELEASING = YES;
				CLANG_WARN_BOOL_CONVERSION = YES;
				CLANG_WARN_COMMA = YES;
				CLANG_WARN_CONSTANT_CONVERSION = YES;
				CLANG_WARN_DEPRECATED_OBJC_IMPLEMENTATIONS = YES;
				CLANG_WARN_DIRECT_OBJC_ISA_USAGE = YES_ERROR;
				CLANG_WARN_DOCUMENTATION_COMMENTS = YES;
				CLANG_WARN_EMPTY_BODY = YES;
				CLANG_WARN_ENUM_CONVERSION = YES;
				CLANG_WARN_INFINITE_RECURSION = YES;
				CLANG_WARN_INT_CONVERSION = YES;
				CLANG_WARN_NON_LITERAL_NULL_CONVERSION = YES;
				CLANG_WARN_OBJC_IMPLICIT_RETAIN_SELF = YES;
				CLANG_WARN_OBJC_LITERAL_CONVERSION = YES;
				CLANG_WARN_OBJC_ROOT_CLASS = YES_ERROR;
				CLANG_WARN_QUOTED_INCLUDE_IN_FRAMEWORK_HEADER = YES;
				CLANG_WARN_RANGE_LOOP_ANALYSIS = YES;
				CLANG_WARN_STRICT_PROTOTYPES = YES;
				CLANG_WARN_SUSPICIOUS_MOVE = YES;
				CLANG_WARN_UNGUARDED_AVAILABILITY = YES_AGGRESSIVE;
				CLANG_WARN_UNREACHABLE_CODE = YES;
				CLANG_WARN__DUPLICATE_METHOD_MATCH = YES;
				COPY_PHASE_STRIP = NO;
				DEBUG_INFORMATION_FORMAT = "dwarf-with-dsym";
				ENABLE_NS_ASSERTIONS = NO;
				ENABLE_STRICT_OBJC_MSGSEND = YES;
				ENABLE_USER_SCRIPT_SANDBOXING = YES;
				GCC_C_LANGUAGE_STANDARD = gnu17;
				GCC_NO_COMMON_BLOCKS = YES;
				GCC_WARN_64_TO_32_BIT_CONVERSION = YES;
				GCC_WARN_ABOUT_RETURN_TYPE = YES_ERROR;
				GCC_WARN_UNDECLARED_SELECTOR = YES;
				GCC_WARN_UNINITIALIZED_AUTOS = YES_AGGRESSIVE;
				GCC_WARN_UNUSED_FUNCTION = YES;
				GCC_WARN_UNUSED_VARIABLE = YES;
				IPHONEOS_DEPLOYMENT_TARGET = 17.0;
				LOCALIZATION_PREFERS_STRING_CATALOGS = YES;
				MTL_ENABLE_DEBUG_INFO = NO;
				MTL_FAST_MATH = YES;
				SDKROOT = iphoneos;
				SWIFT_COMPILATION_MODE = wholemodule;
				VALIDATE_PRODUCT = YES;
			};
			name = Release;
		};
		7F96354B2ADDC8D000750AE3 /* Debug */ = {
			isa = XCBuildConfiguration;
			buildSettings = {
				ASSETCATALOG_COMPILER_APPICON_NAME = AppIcon;
				ASSETCATALOG_COMPILER_GLOBAL_ACCENT_COLOR_NAME = AccentColor;
				CODE_SIGN_STYLE = Automatic;
				CURRENT_PROJECT_VERSION = 1;
				DEVELOPMENT_TEAM = 2SYS44KBNT;
				GENERATE_INFOPLIST_FILE = YES;
				INFOPLIST_FILE = CryptoCrazyRxSwiftMVVM/Info.plist;
				INFOPLIST_KEY_UIApplicationSupportsIndirectInputEvents = YES;
				INFOPLIST_KEY_UILaunchStoryboardName = LaunchScreen;
				INFOPLIST_KEY_UIMainStoryboardFile = Main;
				INFOPLIST_KEY_UISupportedInterfaceOrientations_iPad = "UIInterfaceOrientationPortrait UIInterfaceOrientationPortraitUpsideDown UIInterfaceOrientationLandscapeLeft UIInterfaceOrientationLandscapeRight";
				INFOPLIST_KEY_UISupportedInterfaceOrientations_iPhone = "UIInterfaceOrientationPortrait UIInterfaceOrientationLandscapeLeft UIInterfaceOrientationLandscapeRight";
				LD_RUNPATH_SEARCH_PATHS = (
					"$(inherited)",
					"@executable_path/Frameworks",
				);
				MARKETING_VERSION = 1.0;
				PRODUCT_BUNDLE_IDENTIFIER = com.berkgulsen.CryptoCrazyRxSwiftMVVM;
				PRODUCT_NAME = "$(TARGET_NAME)";
				SWIFT_EMIT_LOC_STRINGS = YES;
				SWIFT_VERSION = 5.0;
				TARGETED_DEVICE_FAMILY = "1,2";
			};
			name = Debug;
		};
		7F96354C2ADDC8D000750AE3 /* Release */ = {
			isa = XCBuildConfiguration;
			buildSettings = {
				ASSETCATALOG_COMPILER_APPICON_NAME = AppIcon;
				ASSETCATALOG_COMPILER_GLOBAL_ACCENT_COLOR_NAME = AccentColor;
				CODE_SIGN_STYLE = Automatic;
				CURRENT_PROJECT_VERSION = 1;
				DEVELOPMENT_TEAM = 2SYS44KBNT;
				GENERATE_INFOPLIST_FILE = YES;
				INFOPLIST_FILE = CryptoCrazyRxSwiftMVVM/Info.plist;
				INFOPLIST_KEY_UIApplicationSupportsIndirectInputEvents = YES;
				INFOPLIST_KEY_UILaunchStoryboardName = LaunchScreen;
				INFOPLIST_KEY_UIMainStoryboardFile = Main;
				INFOPLIST_KEY_UISupportedInterfaceOrientations_iPad = "UIInterfaceOrientationPortrait UIInterfaceOrientationPortraitUpsideDown UIInterfaceOrientationLandscapeLeft UIInterfaceOrientationLandscapeRight";
				INFOPLIST_KEY_UISupportedInterfaceOrientations_iPhone = "UIInterfaceOrientationPortrait UIInterfaceOrientationLandscapeLeft UIInterfaceOrientationLandscapeRight";
				LD_RUNPATH_SEARCH_PATHS = (
					"$(inherited)",
					"@executable_path/Frameworks",
				);
				MARKETING_VERSION = 1.0;
				PRODUCT_BUNDLE_IDENTIFIER = com.berkgulsen.CryptoCrazyRxSwiftMVVM;
				PRODUCT_NAME = "$(TARGET_NAME)";
				SWIFT_EMIT_LOC_STRINGS = YES;
				SWIFT_VERSION = 5.0;
				TARGETED_DEVICE_FAMILY = "1,2";
			};
			name = Release;
		};
/* End XCBuildConfiguration section */

/* Begin XCConfigurationList section */
		7F9635312ADDC8CE00750AE3 /* Build configuration list for PBXProject "CryptoCrazyRxSwiftMVVM" */ = {
			isa = XCConfigurationList;
			buildConfigurations = (
				7F9635482ADDC8D000750AE3 /* Debug */,
				7F9635492ADDC8D000750AE3 /* Release */,
			);
			defaultConfigurationIsVisible = 0;
			defaultConfigurationName = Release;
		};
		7F96354A2ADDC8D000750AE3 /* Build configuration list for PBXNativeTarget "CryptoCrazyRxSwiftMVVM" */ = {
			isa = XCConfigurationList;
			buildConfigurations = (
				7F96354B2ADDC8D000750AE3 /* Debug */,
				7F96354C2ADDC8D000750AE3 /* Release */,
			);
			defaultConfigurationIsVisible = 0;
			defaultConfigurationName = Release;
		};
/* End XCConfigurationList section */
	};
	rootObject = 7F96352E2ADDC8CE00750AE3 /* Project object */;
}
